{
  "nodes": {
    "flake-utils": {
      "locked": {
        "lastModified": 1653893745,
        "narHash": "sha256-0jntwV3Z8//YwuOjzhV2sgJJPt+HY6KhU7VZUL0fKZQ=",
        "owner": "numtide",
        "repo": "flake-utils",
        "rev": "1ed9fb1935d260de5fe1c2f7ee0ebaae17ed2fa1",
        "type": "github"
      },
      "original": {
        "owner": "numtide",
        "repo": "flake-utils",
        "type": "github"
      }
    },
    "flake-utils_2": {
      "locked": {
        "lastModified": 1653893745,
        "narHash": "sha256-0jntwV3Z8//YwuOjzhV2sgJJPt+HY6KhU7VZUL0fKZQ=",
        "owner": "numtide",
        "repo": "flake-utils",
        "rev": "1ed9fb1935d260de5fe1c2f7ee0ebaae17ed2fa1",
        "type": "github"
      },
      "original": {
        "owner": "numtide",
        "repo": "flake-utils",
        "type": "github"
      }
    },
    "nixpkgs": {
      "locked": {
        "lastModified": 1655451545,
        "narHash": "sha256-uLHNGkZbINBZ8Yz9z+/6xF77EVLPTasDyfE/sQpzZ4A=",
        "owner": "NixOS",
        "repo": "nixpkgs",
        "rev": "3802c98cffe636d54dc8f2812d143e50b4b07bb0",
        "type": "github"
      },
      "original": {
        "id": "nixpkgs",
        "type": "indirect"
      }
    },
    "nixpkgs_2": {
      "locked": {
        "lastModified": 1655390681,
        "narHash": "sha256-SXGZ7jJWsySMlNEpbxi8nq3QYDbtcAl+QHwsXlWq2g0=",
        "owner": "NixOS",
        "repo": "nixpkgs",
        "rev": "29769d2a1390d294469bcc6518f17931953545e1",
        "type": "github"
      },
      "original": {
        "id": "nixpkgs",
        "type": "indirect"
      }
    },
    "podman-rootless": {
      "inputs": {
        "flake-utils": "flake-utils_2",
        "nixpkgs": "nixpkgs_2"
      },
      "locked": {
        "lastModified": 1655494013,
        "narHash": "sha256-SNlbz+5Qa0kE9JWVgKnLxEEgOpdGa+xm0jW3x+JDA7A=",
        "owner": "ES-Nix",
        "repo": "podman-rootless",
        "rev": "13af1245761cc357c69e5eeb9ba13dbbfd93e185",
        "type": "github"
      },
      "original": {
        "owner": "ES-Nix",
        "ref": "from-nixpkgs",
        "repo": "podman-rootless",
        "type": "github"
      }
    },
    "root": {
      "inputs": {
        "flake-utils": "flake-utils",
        "nixpkgs": "nixpkgs",
        "podman-rootless": "podman-rootless"
      }
    }
  },
  "root": "root",
  "version": 7
}
